// !$*UTF8*$!
{
	archiveVersion = 1;
	classes = {
	};
	objectVersion = 46;
	objects = {

/* Begin PBXBuildFile section */
		DD403FE91C181B78007EA804 /* main.m in Sources */ = {isa = PBXBuildFile; fileRef = DD403FE81C181B78007EA804 /* main.m */; };
		DD403FEC1C181B78007EA804 /* AppDelegate.m in Sources */ = {isa = PBXBuildFile; fileRef = DD403FEB1C181B78007EA804 /* AppDelegate.m */; };
		DD403FEF1C181B78007EA804 /* ViewController.m in Sources */ = {isa = PBXBuildFile; fileRef = DD403FEE1C181B78007EA804 /* ViewController.m */; };
		DD403FF21C181B78007EA804 /* Main.storyboard in Resources */ = {isa = PBXBuildFile; fileRef = DD403FF01C181B78007EA804 /* Main.storyboard */; };
		DD403FF41C181B78007EA804 /* Images.xcassets in Resources */ = {isa = PBXBuildFile; fileRef = DD403FF31C181B78007EA804 /* Images.xcassets */; };
		DD403FF71C181B78007EA804 /* LaunchScreen.xib in Resources */ = {isa = PBXBuildFile; fileRef = DD403FF51C181B78007EA804 /* LaunchScreen.xib */; };
		DD4040031C181B78007EA804 /* LoveLifeTests.m in Sources */ = {isa = PBXBuildFile; fileRef = DD4040021C181B78007EA804 /* LoveLifeTests.m */; };
/* End PBXBuildFile section */

/* Begin PBXContainerItemProxy section */
		DD403FFD1C181B78007EA804 /* PBXContainerItemProxy */ = {
			isa = PBXContainerItemProxy;
			containerPortal = DD403FDB1C181B78007EA804 /* Project object */;
			proxyType = 1;
			remoteGlobalIDString = DD403FE21C181B78007EA804;
			remoteInfo = LoveLife;
		};
/* End PBXContainerItemProxy section */

/* Begin PBXFileReference section */
		DD403FE31C181B78007EA804 /* LoveLife.app */ = {isa = PBXFileReference; explicitFileType = wrapper.application; includeInIndex = 0; path = LoveLife.app; sourceTree = BUILT_PRODUCTS_DIR; };
		DD403FE71C181B78007EA804 /* Info.plist */ = {isa = PBXFileReference; lastKnownFileType = text.plist.xml; path = Info.plist; sourceTree = "<group>"; };
		DD403FE81C181B78007EA804 /* main.m */ = {isa = PBXFileReference; lastKnownFileType = sourcecode.c.objc; path = main.m; sourceTree = "<group>"; };
		DD403FEA1C181B78007EA804 /* AppDelegate.h */ = {isa = PBXFileReference; lastKnownFileType = sourcecode.c.h; path = AppDelegate.h; sourceTree = "<group>"; };
		DD403FEB1C181B78007EA804 /* AppDelegate.m */ = {isa = PBXFileReference; lastKnownFileType = sourcecode.c.objc; path = AppDelegate.m; sourceTree = "<group>"; };
		DD403FED1C181B78007EA804 /* ViewController.h */ = {isa = PBXFileReference; lastKnownFileType = sourcecode.c.h; path = ViewController.h; sourceTree = "<group>"; };
		DD403FEE1C181B78007EA804 /* ViewController.m */ = {isa = PBXFileReference; lastKnownFileType = sourcecode.c.objc; path = ViewController.m; sourceTree = "<group>"; };
		DD403FF11C181B78007EA804 /* Base */ = {isa = PBXFileReference; lastKnownFileType = file.storyboard; name = Base; path = Base.lproj/Main.storyboard; sourceTree = "<group>"; };
		DD403FF31C181B78007EA804 /* Images.xcassets */ = {isa = PBXFileReference; lastKnownFileType = folder.assetcatalog; path = Images.xcassets; sourceTree = "<group>"; };
		DD403FF61C181B78007EA804 /* Base */ = {isa = PBXFileReference; lastKnownFileType = file.xib; name = Base; path = Base.lproj/LaunchScreen.xib; sourceTree = "<group>"; };
		DD403FFC1C181B78007EA804 /* LoveLifeTests.xctest */ = {isa = PBXFileReference; explicitFileType = wrapper.cfbundle; includeInIndex = 0; path = LoveLifeTests.xctest; sourceTree = BUILT_PRODUCTS_DIR; };
		DD4040011C181B78007EA804 /* Info.plist */ = {isa = PBXFileReference; lastKnownFileType = text.plist.xml; path = Info.plist; sourceTree = "<group>"; };
		DD4040021C181B78007EA804 /* LoveLifeTests.m */ = {isa = PBXFileReference; lastKnownFileType = sourcecode.c.objc; path = LoveLifeTests.m; sourceTree = "<group>"; };
/* End PBXFileReference section */

/* Begin PBXFrameworksBuildPhase section */
		DD403FE01C181B78007EA804 /* Frameworks */ = {
			isa = PBXFrameworksBuildPhase;
			buildActionMask = 2147483647;
			files = (
			);
			runOnlyForDeploymentPostprocessing = 0;
		};
		DD403FF91C181B78007EA804 /* Frameworks */ = {
			isa = PBXFrameworksBuildPhase;
			buildActionMask = 2147483647;
			files = (
			);
			runOnlyForDeploymentPostprocessing = 0;
		};
/* End PBXFrameworksBuildPhase section */

/* Begin PBXGroup section */
		DD403FDA1C181B78007EA804 = {
			isa = PBXGroup;
			children = (
				DD403FE51C181B78007EA804 /* LoveLife */,
				DD403FFF1C181B78007EA804 /* LoveLifeTests */,
				DD403FE41C181B78007EA804 /* Products */,
			);
			sourceTree = "<group>";
		};
		DD403FE41C181B78007EA804 /* Products */ = {
			isa = PBXGroup;
			children = (
				DD403FE31C181B78007EA804 /* LoveLife.app */,
				DD403FFC1C181B78007EA804 /* LoveLifeTests.xctest */,
			);
			name = Products;
			sourceTree = "<group>";
		};
		DD403FE51C181B78007EA804 /* LoveLife */ = {
			isa = PBXGroup;
			children = (
				DD403FEA1C181B78007EA804 /* AppDelegate.h */,
				DD403FEB1C181B78007EA804 /* AppDelegate.m */,
				DD403FED1C181B78007EA804 /* ViewController.h */,
				DD403FEE1C181B78007EA804 /* ViewController.m */,
				DD403FF01C181B78007EA804 /* Main.storyboard */,
				DD403FF31C181B78007EA804 /* Images.xcassets */,
				DD403FF51C181B78007EA804 /* LaunchScreen.xib */,
				DD403FE61C181B78007EA804 /* Supporting Files */,
			);
			path = LoveLife;
			sourceTree = "<group>";
		};
		DD403FE61C181B78007EA804 /* Supporting Files */ = {
			isa = PBXGroup;
			children = (
				DD403FE71C181B78007EA804 /* Info.plist */,
				DD403FE81C181B78007EA804 /* main.m */,
			);
			name = "Supporting Files";
			sourceTree = "<group>";
		};
		DD403FFF1C181B78007EA804 /* LoveLifeTests */ = {
			isa = PBXGroup;
			children = (
				DD4040021C181B78007EA804 /* LoveLifeTests.m */,
				DD4040001C181B78007EA804 /* Supporting Files */,
			);
			path = LoveLifeTests;
			sourceTree = "<group>";
		};
		DD4040001C181B78007EA804 /* Supporting Files */ = {
			isa = PBXGroup;
			children = (
				DD4040011C181B78007EA804 /* Info.plist */,
			);
			name = "Supporting Files";
			sourceTree = "<group>";
		};
/* End PBXGroup section */

/* Begin PBXNativeTarget section */
		DD403FE21C181B78007EA804 /* LoveLife */ = {
			isa = PBXNativeTarget;
			buildConfigurationList = DD4040061C181B78007EA804 /* Build configuration list for PBXNativeTarget "LoveLife" */;
			buildPhases = (
				DD403FDF1C181B78007EA804 /* Sources */,
				DD403FE01C181B78007EA804 /* Frameworks */,
				DD403FE11C181B78007EA804 /* Resources */,
			);
			buildRules = (
			);
			dependencies = (
			);
			name = LoveLife;
			productName = LoveLife;
			productReference = DD403FE31C181B78007EA804 /* LoveLife.app */;
			productType = "com.apple.product-type.application";
		};
		DD403FFB1C181B78007EA804 /* LoveLifeTests */ = {
			isa = PBXNativeTarget;
			buildConfigurationList = DD4040091C181B78007EA804 /* Build configuration list for PBXNativeTarget "LoveLifeTests" */;
			buildPhases = (
				DD403FF81C181B78007EA804 /* Sources */,
				DD403FF91C181B78007EA804 /* Frameworks */,
				DD403FFA1C181B78007EA804 /* Resources */,
			);
			buildRules = (
			);
			dependencies = (
				DD403FFE1C181B78007EA804 /* PBXTargetDependency */,
			);
			name = LoveLifeTests;
			productName = LoveLifeTests;
			productReference = DD403FFC1C181B78007EA804 /* LoveLifeTests.xctest */;
			productType = "com.apple.product-type.bundle.unit-test";
		};
/* End PBXNativeTarget section */

/* Begin PBXProject section */
		DD403FDB1C181B78007EA804 /* Project object */ = {
			isa = PBXProject;
			attributes = {
				LastUpgradeCheck = 0640;
				ORGANIZATIONNAME = yangyang;
				TargetAttributes = {
					DD403FE21C181B78007EA804 = {
						CreatedOnToolsVersion = 6.4;
					};
					DD403FFB1C181B78007EA804 = {
						CreatedOnToolsVersion = 6.4;
						TestTargetID = DD403FE21C181B78007EA804;
					};
				};
			};
			buildConfigurationList = DD403FDE1C181B78007EA804 /* Build configuration list for PBXProject "LoveLife" */;
			compatibilityVersion = "Xcode 3.2";
			developmentRegion = English;
			hasScannedForEncodings = 0;
			knownRegions = (
				en,
				Base,
			);
			mainGroup = DD403FDA1C181B78007EA804;
			productRefGroup = DD403FE41C181B78007EA804 /* Products */;
			projectDirPath = "";
			projectRoot = "";
			targets = (
				DD403FE21C181B78007EA804 /* LoveLife */,
				DD403FFB1C181B78007EA804 /* LoveLifeTests */,
			);
		};
/* End PBXProject section */

/* Begin PBXResourcesBuildPhase section */
		DD403FE11C181B78007EA804 /* Resources */ = {
			isa = PBXResourcesBuildPhase;
			buildActionMask = 2147483647;
			files = (
				DD403FF21C181B78007EA804 /* Main.storyboard in Resources */,
				DD403FF71C181B78007EA804 /* LaunchScreen.xib in Resources */,
				DD403FF41C181B78007EA804 /* Images.xcassets in Resources */,
			);
			runOnlyForDeploymentPostprocessing = 0;
		};
		DD403FFA1C181B78007EA804 /* Resources */ = {
			isa = PBXResourcesBuildPhase;
			buildActionMask = 2147483647;
			files = (
			);
			runOnlyForDeploymentPostprocessing = 0;
		};
/* End PBXResourcesBuildPhase section */

/* Begin PBXSourcesBuildPhase section */
		DD403FDF1C181B78007EA804 /* Sources */ = {
			isa = PBXSourcesBuildPhase;
			buildActionMask = 2147483647;
			files = (
				DD403FEF1C181B78007EA804 /* ViewController.m in Sources */,
				DD403FEC1C181B78007EA804 /* AppDelegate.m in Sources */,
				DD403FE91C181B78007EA804 /* main.m in Sources */,
			);
			runOnlyForDeploymentPostprocessing = 0;
		};
		DD403FF81C181B78007EA804 /* Sources */ = {
			isa = PBXSourcesBuildPhase;
			buildActionMask = 2147483647;
			files = (
				DD4040031C181B78007EA804 /* LoveLifeTests.m in Sources */,
			);
			runOnlyForDeploymentPostprocessing = 0;
		};
/* End PBXSourcesBuildPhase section */

/* Begin PBXTargetDependency section */
		DD403FFE1C181B78007EA804 /* PBXTargetDependency */ = {
			isa = PBXTargetDependency;
			target = DD403FE21C181B78007EA804 /* LoveLife */;
			targetProxy = DD403FFD1C181B78007EA804 /* PBXContainerItemProxy */;
		};
/* End PBXTargetDependency section */

/* Begin PBXVariantGroup section */
		DD403FF01C181B78007EA804 /* Main.storyboard */ = {
			isa = PBXVariantGroup;
			children = (
				DD403FF11C181B78007EA804 /* Base */,
			);
			name = Main.storyboard;
			sourceTree = "<group>";
		};
		DD403FF51C181B78007EA804 /* LaunchScreen.xib */ = {
			isa = PBXVariantGroup;
			children = (
				DD403FF61C181B78007EA804 /* Base */,
			);
			name = LaunchScreen.xib;
			sourceTree = "<group>";
		};
/* End PBXVariantGroup section */

/* Begin XCBuildConfiguration section */
		DD4040041C181B78007EA804 /* Debug */ = {
			isa = XCBuildConfiguration;
			buildSettings = {
				ALWAYS_SEARCH_USER_PATHS = NO;
				CLANG_CXX_LANGUAGE_STANDARD = "gnu++0x";
				CLANG_CXX_LIBRARY = "libc++";
				CLANG_ENABLE_MODULES = YES;
				CLANG_ENABLE_OBJC_ARC = YES;
				CLANG_WARN_BOOL_CONVERSION = YES;
				CLANG_WARN_CONSTANT_CONVERSION = YES;
				CLANG_WARN_DIRECT_OBJC_ISA_USAGE = YES_ERROR;
				CLANG_WARN_EMPTY_BODY = YES;
				CLANG_WARN_ENUM_CONVERSION = YES;
				CLANG_WARN_INT_CONVERSION = YES;
				CLANG_WARN_OBJC_ROOT_CLASS = YES_ERROR;
				CLANG_WARN_UNREACHABLE_CODE = YES;
				CLANG_WARN__DUPLICATE_METHOD_MATCH = YES;
				"CODE_SIGN_IDENTITY[sdk=iphoneos*]" = "iPhone Developer";
				COPY_PHASE_STRIP = NO;
				DEBUG_INFORMATION_FORMAT = "dwarf-with-dsym";
				ENABLE_STRICT_OBJC_MSGSEND = YES;
				GCC_C_LANGUAGE_STANDARD = gnu99;
				GCC_DYNAMIC_NO_PIC = NO;
				GCC_NO_COMMON_BLOCKS = YES;
				GCC_OPTIMIZATION_LEVEL = 0;
				GCC_PREPROCESSOR_DEFINITIONS = (
					"DEBUG=1",
					"$(inherited)",
				);
				GCC_SYMBOLS_PRIVATE_EXTERN = NO;
				GCC_WARN_64_TO_32_BIT_CONVERSION = YES;
				GCC_WARN_ABOUT_RETURN_TYPE = YES_ERROR;
				GCC_WARN_UNDECLARED_SELECTOR = YES;
				GCC_WARN_UNINITIALIZED_AUTOS = YES_AGGRESSIVE;
				GCC_WARN_UNUSED_FUNCTION = YES;
				GCC_WARN_UNUSED_VARIABLE = YES;
				IPHONEOS_DEPLOYMENT_TARGET = 8.4;
				MTL_ENABLE_DEBUG_INFO = YES;
				ONLY_ACTIVE_ARCH = YES;
				SDKROOT = iphoneos;
			};
			name = Debug;
		};
		DD4040051C181B78007EA804 /* Release */ = {
			isa = XCBuildConfiguration;
			buildSettings = {
				ALWAYS_SEARCH_USER_PATHS = NO;
				CLANG_CXX_LANGUAGE_STANDARD = "gnu++0x";
				CLANG_CXX_LIBRARY = "libc++";
				CLANG_ENABLE_MODULES = YES;
				CLANG_ENABLE_OBJC_ARC = YES;
				CLANG_WARN_BOOL_CONVERSION = YES;
				CLANG_WARN_CONSTANT_CONVERSION = YES;
				CLANG_WARN_DIRECT_OBJC_ISA_USAGE = YES_ERROR;
				CLANG_WARN_EMPTY_BODY = YES;
				CLANG_WARN_ENUM_CONVERSION = YES;
				CLANG_WARN_INT_CONVERSION = YES;
				CLANG_WARN_OBJC_ROOT_CLASS = YES_ERROR;
				CLANG_WARN_UNREACHABLE_CODE = YES;
				CLANG_WARN__DUPLICATE_METHOD_MATCH = YES;
				"CODE_SIGN_IDENTITY[sdk=iphoneos*]" = "iPhone Developer";
				COPY_PHASE_STRIP = NO;
				DEBUG_INFORMATION_FORMAT = "dwarf-with-dsym";
				ENABLE_NS_ASSERTIONS = NO;
				ENABLE_STRICT_OBJC_MSGSEND = YES;
				GCC_C_LANGUAGE_STANDARD = gnu99;
				GCC_NO_COMMON_BLOCKS = YES;
				GCC_WARN_64_TO_32_BIT_CONVERSION = YES;
				GCC_WARN_ABOUT_RETURN_TYPE = YES_ERROR;
				GCC_WARN_UNDECLARED_SELECTOR = YES;
				GCC_WARN_UNINITIALIZED_AUTOS = YES_AGGRESSIVE;
				GCC_WARN_UNUSED_FUNCTION = YES;
				GCC_WARN_UNUSED_VARIABLE = YES;
				IPHONEOS_DEPLOYMENT_TARGET = 8.4;
				MTL_ENABLE_DEBUG_INFO = NO;
				SDKROOT = iphoneos;
				VALIDATE_PRODUCT = YES;
			};
			name = Release;
		};
		DD4040071C181B78007EA804 /* Debug */ = {
			isa = XCBuildConfiguration;
			buildSettings = {
				ASSETCATALOG_COMPILER_APPICON_NAME = AppIcon;
				INFOPLIST_FILE = LoveLife/Info.plist;
				LD_RUNPATH_SEARCH_PATHS = "$(inherited) @executable_path/Frameworks";
				PRODUCT_NAME = "$(TARGET_NAME)";
			};
			name = Debug;
		};
		DD4040081C181B78007EA804 /* Release */ = {
			isa = XCBuildConfiguration;
			buildSettings = {
				ASSETCATALOG_COMPILER_APPICON_NAME = AppIcon;
				INFOPLIST_FILE = LoveLife/Info.plist;
				LD_RUNPATH_SEARCH_PATHS = "$(inherited) @executable_path/Frameworks";
				PRODUCT_NAME = "$(TARGET_NAME)";
			};
			name = Release;
		};
		DD40400A1C181B78007EA804 /* Debug */ = {
			isa = XCBuildConfiguration;
			buildSettings = {
				BUNDLE_LOADER = "$(TEST_HOST)";
				FRAMEWORK_SEARCH_PATHS = (
					"$(SDKROOT)/Developer/Library/Frameworks",
					"$(inherited)",
				);
				GCC_PREPROCESSOR_DEFINITIONS = (
					"DEBUG=1",
					"$(inherited)",
				);
				INFOPLIST_FILE = LoveLifeTests/Info.plist;
				LD_RUNPATH_SEARCH_PATHS = "$(inherited) @executable_path/Frameworks @loader_path/Frameworks";
				PRODUCT_NAME = "$(TARGET_NAME)";
				TEST_HOST = "$(BUILT_PRODUCTS_DIR)/LoveLife.app/LoveLife";
			};
			name = Debug;
		};
		DD40400B1C181B78007EA804 /* Release */ = {
			isa = XCBuildConfiguration;
			buildSettings = {
				BUNDLE_LOADER = "$(TEST_HOST)";
				FRAMEWORK_SEARCH_PATHS = (
					"$(SDKROOT)/Developer/Library/Frameworks",
					"$(inherited)",
				);
				INFOPLIST_FILE = LoveLifeTests/Info.plist;
				LD_RUNPATH_SEARCH_PATHS = "$(inherited) @executable_path/Frameworks @loader_path/Frameworks";
				PRODUCT_NAME = "$(TARGET_NAME)";
				TEST_HOST = "$(BUILT_PRODUCTS_DIR)/LoveLife.app/LoveLife";
			};
			name = Release;
		};
/* End XCBuildConfiguration section */

/* Begin XCConfigurationList section */
		DD403FDE1C181B78007EA804 /* Build configuration list for PBXProject "LoveLife" */ = {
			isa = XCConfigurationList;
			buildConfigurations = (
				DD4040041C181B78007EA804 /* Debug */,
				DD4040051C181B78007EA804 /* Release */,
			);
			defaultConfigurationIsVisible = 0;
			defaultConfigurationName = Release;
		};
		DD4040061C181B78007EA804 /* Build configuration list for PBXNativeTarget "LoveLife" */ = {
			isa = XCConfigurationList;
			buildConfigurations = (
				DD4040071C181B78007EA804 /* Debug */,
				DD4040081C181B78007EA804 /* Release */,
			);
			defaultConfigurationIsVisible = 0;
		};
		DD4040091C181B78007EA804 /* Build configuration list for PBXNativeTarget "LoveLifeTests" */ = {
			isa = XCConfigurationList;
			buildConfigurations = (
				DD40400A1C181B78007EA804 /* Debug */,
				DD40400B1C181B78007EA804 /* Release */,
			);
			defaultConfigurationIsVisible = 0;
		};
/* End XCConfigurationList section */
	};
	rootObject = DD403FDB1C181B78007EA804 /* Project object */;
}
